// !$*UTF8*$!
{
	archiveVersion = 1;
	classes = {
	};
	objectVersion = 50;
	objects = {

/* Begin PBXBuildFile section */
		1842D8D92605F24900C31F4F /* AppDelegate.swift in Sources */ = {isa = PBXBuildFile; fileRef = 1842D8D82605F24900C31F4F /* AppDelegate.swift */; };
		1842D8DB2605F24900C31F4F /* SceneDelegate.swift in Sources */ = {isa = PBXBuildFile; fileRef = 1842D8DA2605F24900C31F4F /* SceneDelegate.swift */; };
		1842D8DD2605F24900C31F4F /* ViewController.swift in Sources */ = {isa = PBXBuildFile; fileRef = 1842D8DC2605F24900C31F4F /* ViewController.swift */; };
		1842D8E02605F24900C31F4F /* Main.storyboard in Resources */ = {isa = PBXBuildFile; fileRef = 1842D8DE2605F24900C31F4F /* Main.storyboard */; };
		1842D8E22605F24900C31F4F /* Assets.xcassets in Resources */ = {isa = PBXBuildFile; fileRef = 1842D8E12605F24900C31F4F /* Assets.xcassets */; };
		1842D8E52605F24900C31F4F /* LaunchScreen.storyboard in Resources */ = {isa = PBXBuildFile; fileRef = 1842D8E32605F24900C31F4F /* LaunchScreen.storyboard */; };
		1842D8F02605F24A00C31F4F /* SendBird_RecuriteTests.swift in Sources */ = {isa = PBXBuildFile; fileRef = 1842D8EF2605F24A00C31F4F /* SendBird_RecuriteTests.swift */; };
		1842D8FB2605F24A00C31F4F /* SendBird_RecuriteUITests.swift in Sources */ = {isa = PBXBuildFile; fileRef = 1842D8FA2605F24A00C31F4F /* SendBird_RecuriteUITests.swift */; };
		1842D9162605F53100C31F4F /* BookAPIManager.swift in Sources */ = {isa = PBXBuildFile; fileRef = 1842D9152605F53100C31F4F /* BookAPIManager.swift */; };
		1842D91C2605F5EA00C31F4F /* Book.swift in Sources */ = {isa = PBXBuildFile; fileRef = 1842D91B2605F5EA00C31F4F /* Book.swift */; };
		1842D9252605F74600C31F4F /* BaseURL.swift in Sources */ = {isa = PBXBuildFile; fileRef = 1842D9242605F74600C31F4F /* BaseURL.swift */; };
/* End PBXBuildFile section */

/* Begin PBXContainerItemProxy section */
		1842D8EC2605F24A00C31F4F /* PBXContainerItemProxy */ = {
			isa = PBXContainerItemProxy;
			containerPortal = 1842D8CD2605F24900C31F4F /* Project object */;
			proxyType = 1;
			remoteGlobalIDString = 1842D8D42605F24900C31F4F;
			remoteInfo = SendBird_Recurite;
		};
		1842D8F72605F24A00C31F4F /* PBXContainerItemProxy */ = {
			isa = PBXContainerItemProxy;
			containerPortal = 1842D8CD2605F24900C31F4F /* Project object */;
			proxyType = 1;
			remoteGlobalIDString = 1842D8D42605F24900C31F4F;
			remoteInfo = SendBird_Recurite;
		};
/* End PBXContainerItemProxy section */

/* Begin PBXFileReference section */
		1842D8D52605F24900C31F4F /* SendBird_Recurite.app */ = {isa = PBXFileReference; explicitFileType = wrapper.application; includeInIndex = 0; path = SendBird_Recurite.app; sourceTree = BUILT_PRODUCTS_DIR; };
		1842D8D82605F24900C31F4F /* AppDelegate.swift */ = {isa = PBXFileReference; lastKnownFileType = sourcecode.swift; path = AppDelegate.swift; sourceTree = "<group>"; };
		1842D8DA2605F24900C31F4F /* SceneDelegate.swift */ = {isa = PBXFileReference; lastKnownFileType = sourcecode.swift; path = SceneDelegate.swift; sourceTree = "<group>"; };
		1842D8DC2605F24900C31F4F /* ViewController.swift */ = {isa = PBXFileReference; lastKnownFileType = sourcecode.swift; path = ViewController.swift; sourceTree = "<group>"; };
		1842D8DF2605F24900C31F4F /* Base */ = {isa = PBXFileReference; lastKnownFileType = file.storyboard; name = Base; path = Base.lproj/Main.storyboard; sourceTree = "<group>"; };
		1842D8E12605F24900C31F4F /* Assets.xcassets */ = {isa = PBXFileReference; lastKnownFileType = folder.assetcatalog; path = Assets.xcassets; sourceTree = "<group>"; };
		1842D8E42605F24900C31F4F /* Base */ = {isa = PBXFileReference; lastKnownFileType = file.storyboard; name = Base; path = Base.lproj/LaunchScreen.storyboard; sourceTree = "<group>"; };
		1842D8E62605F24900C31F4F /* Info.plist */ = {isa = PBXFileReference; lastKnownFileType = text.plist.xml; path = Info.plist; sourceTree = "<group>"; };
		1842D8EB2605F24A00C31F4F /* SendBird_RecuriteTests.xctest */ = {isa = PBXFileReference; explicitFileType = wrapper.cfbundle; includeInIndex = 0; path = SendBird_RecuriteTests.xctest; sourceTree = BUILT_PRODUCTS_DIR; };
		1842D8EF2605F24A00C31F4F /* SendBird_RecuriteTests.swift */ = {isa = PBXFileReference; lastKnownFileType = sourcecode.swift; path = SendBird_RecuriteTests.swift; sourceTree = "<group>"; };
		1842D8F12605F24A00C31F4F /* Info.plist */ = {isa = PBXFileReference; lastKnownFileType = text.plist.xml; path = Info.plist; sourceTree = "<group>"; };
		1842D8F62605F24A00C31F4F /* SendBird_RecuriteUITests.xctest */ = {isa = PBXFileReference; explicitFileType = wrapper.cfbundle; includeInIndex = 0; path = SendBird_RecuriteUITests.xctest; sourceTree = BUILT_PRODUCTS_DIR; };
		1842D8FA2605F24A00C31F4F /* SendBird_RecuriteUITests.swift */ = {isa = PBXFileReference; lastKnownFileType = sourcecode.swift; path = SendBird_RecuriteUITests.swift; sourceTree = "<group>"; };
		1842D8FC2605F24A00C31F4F /* Info.plist */ = {isa = PBXFileReference; lastKnownFileType = text.plist.xml; path = Info.plist; sourceTree = "<group>"; };
		1842D9152605F53100C31F4F /* BookAPIManager.swift */ = {isa = PBXFileReference; lastKnownFileType = sourcecode.swift; path = BookAPIManager.swift; sourceTree = "<group>"; };
		1842D91B2605F5EA00C31F4F /* Book.swift */ = {isa = PBXFileReference; lastKnownFileType = sourcecode.swift; path = Book.swift; sourceTree = "<group>"; };
		1842D9242605F74600C31F4F /* BaseURL.swift */ = {isa = PBXFileReference; lastKnownFileType = sourcecode.swift; path = BaseURL.swift; sourceTree = "<group>"; };
/* End PBXFileReference section */

/* Begin PBXFrameworksBuildPhase section */
		1842D8D22605F24900C31F4F /* Frameworks */ = {
			isa = PBXFrameworksBuildPhase;
			buildActionMask = 2147483647;
			files = (
			);
			runOnlyForDeploymentPostprocessing = 0;
		};
		1842D8E82605F24A00C31F4F /* Frameworks */ = {
			isa = PBXFrameworksBuildPhase;
			buildActionMask = 2147483647;
			files = (
			);
			runOnlyForDeploymentPostprocessing = 0;
		};
		1842D8F32605F24A00C31F4F /* Frameworks */ = {
			isa = PBXFrameworksBuildPhase;
			buildActionMask = 2147483647;
			files = (
			);
			runOnlyForDeploymentPostprocessing = 0;
		};
/* End PBXFrameworksBuildPhase section */

/* Begin PBXGroup section */
		1842D8CC2605F24900C31F4F = {
			isa = PBXGroup;
			children = (
				1842D8D72605F24900C31F4F /* SendBird_Recurite */,
				1842D8EE2605F24A00C31F4F /* SendBird_RecuriteTests */,
				1842D8F92605F24A00C31F4F /* SendBird_RecuriteUITests */,
				1842D8D62605F24900C31F4F /* Products */,
			);
			sourceTree = "<group>";
		};
		1842D8D62605F24900C31F4F /* Products */ = {
			isa = PBXGroup;
			children = (
				1842D8D52605F24900C31F4F /* SendBird_Recurite.app */,
				1842D8EB2605F24A00C31F4F /* SendBird_RecuriteTests.xctest */,
				1842D8F62605F24A00C31F4F /* SendBird_RecuriteUITests.xctest */,
			);
			name = Products;
			sourceTree = "<group>";
		};
		1842D8D72605F24900C31F4F /* SendBird_Recurite */ = {
			isa = PBXGroup;
			children = (
				1842D94E2605F80200C31F4F /* StoryBoard */,
				1842D9232605F73C00C31F4F /* Utils */,
				1842D91A2605F5D300C31F4F /* Model */,
				1842D9142605F51400C31F4F /* Helper */,
				1842D90D2605F30200C31F4F /* Detail */,
				1842D90B2605F2E600C31F4F /* Search */,
				1842D8D82605F24900C31F4F /* AppDelegate.swift */,
				1842D8DA2605F24900C31F4F /* SceneDelegate.swift */,
				1842D8E12605F24900C31F4F /* Assets.xcassets */,
				1842D8E32605F24900C31F4F /* LaunchScreen.storyboard */,
				1842D8E62605F24900C31F4F /* Info.plist */,
			);
			path = SendBird_Recurite;
			sourceTree = "<group>";
		};
		1842D8EE2605F24A00C31F4F /* SendBird_RecuriteTests */ = {
			isa = PBXGroup;
			children = (
				1842D8EF2605F24A00C31F4F /* SendBird_RecuriteTests.swift */,
				1842D8F12605F24A00C31F4F /* Info.plist */,
			);
			path = SendBird_RecuriteTests;
			sourceTree = "<group>";
		};
		1842D8F92605F24A00C31F4F /* SendBird_RecuriteUITests */ = {
			isa = PBXGroup;
			children = (
				1842D8FA2605F24A00C31F4F /* SendBird_RecuriteUITests.swift */,
				1842D8FC2605F24A00C31F4F /* Info.plist */,
			);
			path = SendBird_RecuriteUITests;
			sourceTree = "<group>";
		};
		1842D90B2605F2E600C31F4F /* Search */ = {
			isa = PBXGroup;
			children = (
				1842D8DC2605F24900C31F4F /* ViewController.swift */,
			);
			path = Search;
			sourceTree = "<group>";
		};
		1842D90D2605F30200C31F4F /* Detail */ = {
			isa = PBXGroup;
			children = (
			);
			path = Detail;
			sourceTree = "<group>";
		};
		1842D9142605F51400C31F4F /* Helper */ = {
			isa = PBXGroup;
			children = (
				1842D9152605F53100C31F4F /* BookAPIManager.swift */,
			);
			path = Helper;
			sourceTree = "<group>";
		};
		1842D91A2605F5D300C31F4F /* Model */ = {
			isa = PBXGroup;
			children = (
				1842D91B2605F5EA00C31F4F /* Book.swift */,
			);
			path = Model;
			sourceTree = "<group>";
		};
		1842D9232605F73C00C31F4F /* Utils */ = {
			isa = PBXGroup;
			children = (
				1842D9242605F74600C31F4F /* BaseURL.swift */,
			);
			path = Utils;
			sourceTree = "<group>";
		};
		1842D94E2605F80200C31F4F /* StoryBoard */ = {
			isa = PBXGroup;
			children = (
				1842D8DE2605F24900C31F4F /* Main.storyboard */,
			);
			path = StoryBoard;
			sourceTree = "<group>";
		};
/* End PBXGroup section */

/* Begin PBXNativeTarget section */
		1842D8D42605F24900C31F4F /* SendBird_Recurite */ = {
			isa = PBXNativeTarget;
			buildConfigurationList = 1842D8FF2605F24A00C31F4F /* Build configuration list for PBXNativeTarget "SendBird_Recurite" */;
			buildPhases = (
				1842D8D12605F24900C31F4F /* Sources */,
				1842D8D22605F24900C31F4F /* Frameworks */,
				1842D8D32605F24900C31F4F /* Resources */,
			);
			buildRules = (
			);
			dependencies = (
			);
			name = SendBird_Recurite;
			productName = SendBird_Recurite;
			productReference = 1842D8D52605F24900C31F4F /* SendBird_Recurite.app */;
			productType = "com.apple.product-type.application";
		};
		1842D8EA2605F24A00C31F4F /* SendBird_RecuriteTests */ = {
			isa = PBXNativeTarget;
			buildConfigurationList = 1842D9022605F24A00C31F4F /* Build configuration list for PBXNativeTarget "SendBird_RecuriteTests" */;
			buildPhases = (
				1842D8E72605F24A00C31F4F /* Sources */,
				1842D8E82605F24A00C31F4F /* Frameworks */,
				1842D8E92605F24A00C31F4F /* Resources */,
			);
			buildRules = (
			);
			dependencies = (
				1842D8ED2605F24A00C31F4F /* PBXTargetDependency */,
			);
			name = SendBird_RecuriteTests;
			productName = SendBird_RecuriteTests;
			productReference = 1842D8EB2605F24A00C31F4F /* SendBird_RecuriteTests.xctest */;
			productType = "com.apple.product-type.bundle.unit-test";
		};
		1842D8F52605F24A00C31F4F /* SendBird_RecuriteUITests */ = {
			isa = PBXNativeTarget;
			buildConfigurationList = 1842D9052605F24A00C31F4F /* Build configuration list for PBXNativeTarget "SendBird_RecuriteUITests" */;
			buildPhases = (
				1842D8F22605F24A00C31F4F /* Sources */,
				1842D8F32605F24A00C31F4F /* Frameworks */,
				1842D8F42605F24A00C31F4F /* Resources */,
			);
			buildRules = (
			);
			dependencies = (
				1842D8F82605F24A00C31F4F /* PBXTargetDependency */,
			);
			name = SendBird_RecuriteUITests;
			productName = SendBird_RecuriteUITests;
			productReference = 1842D8F62605F24A00C31F4F /* SendBird_RecuriteUITests.xctest */;
			productType = "com.apple.product-type.bundle.ui-testing";
		};
/* End PBXNativeTarget section */

/* Begin PBXProject section */
		1842D8CD2605F24900C31F4F /* Project object */ = {
			isa = PBXProject;
			attributes = {
				LastSwiftUpdateCheck = 1240;
				LastUpgradeCheck = 1240;
				TargetAttributes = {
					1842D8D42605F24900C31F4F = {
						CreatedOnToolsVersion = 12.4;
					};
					1842D8EA2605F24A00C31F4F = {
						CreatedOnToolsVersion = 12.4;
						TestTargetID = 1842D8D42605F24900C31F4F;
					};
					1842D8F52605F24A00C31F4F = {
						CreatedOnToolsVersion = 12.4;
						TestTargetID = 1842D8D42605F24900C31F4F;
					};
				};
			};
			buildConfigurationList = 1842D8D02605F24900C31F4F /* Build configuration list for PBXProject "SendBird_Recurite" */;
			compatibilityVersion = "Xcode 9.3";
			developmentRegion = en;
			hasScannedForEncodings = 0;
			knownRegions = (
				en,
				Base,
			);
			mainGroup = 1842D8CC2605F24900C31F4F;
			productRefGroup = 1842D8D62605F24900C31F4F /* Products */;
			projectDirPath = "";
			projectRoot = "";
			targets = (
				1842D8D42605F24900C31F4F /* SendBird_Recurite */,
				1842D8EA2605F24A00C31F4F /* SendBird_RecuriteTests */,
				1842D8F52605F24A00C31F4F /* SendBird_RecuriteUITests */,
			);
		};
/* End PBXProject section */

/* Begin PBXResourcesBuildPhase section */
		1842D8D32605F24900C31F4F /* Resources */ = {
			isa = PBXResourcesBuildPhase;
			buildActionMask = 2147483647;
			files = (
				1842D8E52605F24900C31F4F /* LaunchScreen.storyboard in Resources */,
				1842D8E22605F24900C31F4F /* Assets.xcassets in Resources */,
				1842D8E02605F24900C31F4F /* Main.storyboard in Resources */,
			);
			runOnlyForDeploymentPostprocessing = 0;
		};
		1842D8E92605F24A00C31F4F /* Resources */ = {
			isa = PBXResourcesBuildPhase;
			buildActionMask = 2147483647;
			files = (
			);
			runOnlyForDeploymentPostprocessing = 0;
		};
		1842D8F42605F24A00C31F4F /* Resources */ = {
			isa = PBXResourcesBuildPhase;
			buildActionMask = 2147483647;
			files = (
			);
			runOnlyForDeploymentPostprocessing = 0;
		};
/* End PBXResourcesBuildPhase section */

/* Begin PBXSourcesBuildPhase section */
		1842D8D12605F24900C31F4F /* Sources */ = {
			isa = PBXSourcesBuildPhase;
			buildActionMask = 2147483647;
			files = (
				1842D8DD2605F24900C31F4F /* ViewController.swift in Sources */,
				1842D8D92605F24900C31F4F /* AppDelegate.swift in Sources */,
				1842D9252605F74600C31F4F /* BaseURL.swift in Sources */,
				1842D8DB2605F24900C31F4F /* SceneDelegate.swift in Sources */,
				1842D91C2605F5EA00C31F4F /* Book.swift in Sources */,
				1842D9162605F53100C31F4F /* BookAPIManager.swift in Sources */,
			);
			runOnlyForDeploymentPostprocessing = 0;
		};
		1842D8E72605F24A00C31F4F /* Sources */ = {
			isa = PBXSourcesBuildPhase;
			buildActionMask = 2147483647;
			files = (
				1842D8F02605F24A00C31F4F /* SendBird_RecuriteTests.swift in Sources */,
			);
			runOnlyForDeploymentPostprocessing = 0;
		};
		1842D8F22605F24A00C31F4F /* Sources */ = {
			isa = PBXSourcesBuildPhase;
			buildActionMask = 2147483647;
			files = (
				1842D8FB2605F24A00C31F4F /* SendBird_RecuriteUITests.swift in Sources */,
			);
			runOnlyForDeploymentPostprocessing = 0;
		};
/* End PBXSourcesBuildPhase section */

/* Begin PBXTargetDependency section */
		1842D8ED2605F24A00C31F4F /* PBXTargetDependency */ = {
			isa = PBXTargetDependency;
			target = 1842D8D42605F24900C31F4F /* SendBird_Recurite */;
			targetProxy = 1842D8EC2605F24A00C31F4F /* PBXContainerItemProxy */;
		};
		1842D8F82605F24A00C31F4F /* PBXTargetDependency */ = {
			isa = PBXTargetDependency;
			target = 1842D8D42605F24900C31F4F /* SendBird_Recurite */;
			targetProxy = 1842D8F72605F24A00C31F4F /* PBXContainerItemProxy */;
		};
/* End PBXTargetDependency section */

/* Begin PBXVariantGroup section */
		1842D8DE2605F24900C31F4F /* Main.storyboard */ = {
			isa = PBXVariantGroup;
			children = (
				1842D8DF2605F24900C31F4F /* Base */,
			);
			name = Main.storyboard;
			sourceTree = "<group>";
		};
		1842D8E32605F24900C31F4F /* LaunchScreen.storyboard */ = {
			isa = PBXVariantGroup;
			children = (
				1842D8E42605F24900C31F4F /* Base */,
			);
			name = LaunchScreen.storyboard;
			sourceTree = "<group>";
		};
/* End PBXVariantGroup section */

/* Begin XCBuildConfiguration section */
		1842D8FD2605F24A00C31F4F /* Debug */ = {
			isa = XCBuildConfiguration;
			buildSettings = {
				ALWAYS_SEARCH_USER_PATHS = NO;
				CLANG_ANALYZER_NONNULL = YES;
				CLANG_ANALYZER_NUMBER_OBJECT_CONVERSION = YES_AGGRESSIVE;
				CLANG_CXX_LANGUAGE_STANDARD = "gnu++14";
				CLANG_CXX_LIBRARY = "libc++";
				CLANG_ENABLE_MODULES = YES;
				CLANG_ENABLE_OBJC_ARC = YES;
				CLANG_ENABLE_OBJC_WEAK = YES;
				CLANG_WARN_BLOCK_CAPTURE_AUTORELEASING = YES;
				CLANG_WARN_BOOL_CONVERSION = YES;
				CLANG_WARN_COMMA = YES;
				CLANG_WARN_CONSTANT_CONVERSION = YES;
				CLANG_WARN_DEPRECATED_OBJC_IMPLEMENTATIONS = YES;
				CLANG_WARN_DIRECT_OBJC_ISA_USAGE = YES_ERROR;
				CLANG_WARN_DOCUMENTATION_COMMENTS = YES;
				CLANG_WARN_EMPTY_BODY = YES;
				CLANG_WARN_ENUM_CONVERSION = YES;
				CLANG_WARN_INFINITE_RECURSION = YES;
				CLANG_WARN_INT_CONVERSION = YES;
				CLANG_WARN_NON_LITERAL_NULL_CONVERSION = YES;
				CLANG_WARN_OBJC_IMPLICIT_RETAIN_SELF = YES;
				CLANG_WARN_OBJC_LITERAL_CONVERSION = YES;
				CLANG_WARN_OBJC_ROOT_CLASS = YES_ERROR;
				CLANG_WARN_QUOTED_INCLUDE_IN_FRAMEWORK_HEADER = YES;
				CLANG_WARN_RANGE_LOOP_ANALYSIS = YES;
				CLANG_WARN_STRICT_PROTOTYPES = YES;
				CLANG_WARN_SUSPICIOUS_MOVE = YES;
				CLANG_WARN_UNGUARDED_AVAILABILITY = YES_AGGRESSIVE;
				CLANG_WARN_UNREACHABLE_CODE = YES;
				CLANG_WARN__DUPLICATE_METHOD_MATCH = YES;
				COPY_PHASE_STRIP = NO;
				DEBUG_INFORMATION_FORMAT = dwarf;
				ENABLE_STRICT_OBJC_MSGSEND = YES;
				ENABLE_TESTABILITY = YES;
				GCC_C_LANGUAGE_STANDARD = gnu11;
				GCC_DYNAMIC_NO_PIC = NO;
				GCC_NO_COMMON_BLOCKS = YES;
				GCC_OPTIMIZATION_LEVEL = 0;
				GCC_PREPROCESSOR_DEFINITIONS = (
					"DEBUG=1",
					"$(inherited)",
				);
				GCC_WARN_64_TO_32_BIT_CONVERSION = YES;
				GCC_WARN_ABOUT_RETURN_TYPE = YES_ERROR;
				GCC_WARN_UNDECLARED_SELECTOR = YES;
				GCC_WARN_UNINITIALIZED_AUTOS = YES_AGGRESSIVE;
				GCC_WARN_UNUSED_FUNCTION = YES;
				GCC_WARN_UNUSED_VARIABLE = YES;
				IPHONEOS_DEPLOYMENT_TARGET = 14.4;
				MTL_ENABLE_DEBUG_INFO = INCLUDE_SOURCE;
				MTL_FAST_MATH = YES;
				ONLY_ACTIVE_ARCH = YES;
				SDKROOT = iphoneos;
				SWIFT_ACTIVE_COMPILATION_CONDITIONS = DEBUG;
				SWIFT_OPTIMIZATION_LEVEL = "-Onone";
			};
			name = Debug;
		};
		1842D8FE2605F24A00C31F4F /* Release */ = {
			isa = XCBuildConfiguration;
			buildSettings = {
				ALWAYS_SEARCH_USER_PATHS = NO;
				CLANG_ANALYZER_NONNULL = YES;
				CLANG_ANALYZER_NUMBER_OBJECT_CONVERSION = YES_AGGRESSIVE;
				CLANG_CXX_LANGUAGE_STANDARD = "gnu++14";
				CLANG_CXX_LIBRARY = "libc++";
				CLANG_ENABLE_MODULES = YES;
				CLANG_ENABLE_OBJC_ARC = YES;
				CLANG_ENABLE_OBJC_WEAK = YES;
				CLANG_WARN_BLOCK_CAPTURE_AUTORELEASING = YES;
				CLANG_WARN_BOOL_CONVERSION = YES;
				CLANG_WARN_COMMA = YES;
				CLANG_WARN_CONSTANT_CONVERSION = YES;
				CLANG_WARN_DEPRECATED_OBJC_IMPLEMENTATIONS = YES;
				CLANG_WARN_DIRECT_OBJC_ISA_USAGE = YES_ERROR;
				CLANG_WARN_DOCUMENTATION_COMMENTS = YES;
				CLANG_WARN_EMPTY_BODY = YES;
				CLANG_WARN_ENUM_CONVERSION = YES;
				CLANG_WARN_INFINITE_RECURSION = YES;
				CLANG_WARN_INT_CONVERSION = YES;
				CLANG_WARN_NON_LITERAL_NULL_CONVERSION = YES;
				CLANG_WARN_OBJC_IMPLICIT_RETAIN_SELF = YES;
				CLANG_WARN_OBJC_LITERAL_CONVERSION = YES;
				CLANG_WARN_OBJC_ROOT_CLASS = YES_ERROR;
				CLANG_WARN_QUOTED_INCLUDE_IN_FRAMEWORK_HEADER = YES;
				CLANG_WARN_RANGE_LOOP_ANALYSIS = YES;
				CLANG_WARN_STRICT_PROTOTYPES = YES;
				CLANG_WARN_SUSPICIOUS_MOVE = YES;
				CLANG_WARN_UNGUARDED_AVAILABILITY = YES_AGGRESSIVE;
				CLANG_WARN_UNREACHABLE_CODE = YES;
				CLANG_WARN__DUPLICATE_METHOD_MATCH = YES;
				COPY_PHASE_STRIP = NO;
				DEBUG_INFORMATION_FORMAT = "dwarf-with-dsym";
				ENABLE_NS_ASSERTIONS = NO;
				ENABLE_STRICT_OBJC_MSGSEND = YES;
				GCC_C_LANGUAGE_STANDARD = gnu11;
				GCC_NO_COMMON_BLOCKS = YES;
				GCC_WARN_64_TO_32_BIT_CONVERSION = YES;
				GCC_WARN_ABOUT_RETURN_TYPE = YES_ERROR;
				GCC_WARN_UNDECLARED_SELECTOR = YES;
				GCC_WARN_UNINITIALIZED_AUTOS = YES_AGGRESSIVE;
				GCC_WARN_UNUSED_FUNCTION = YES;
				GCC_WARN_UNUSED_VARIABLE = YES;
				IPHONEOS_DEPLOYMENT_TARGET = 14.4;
				MTL_ENABLE_DEBUG_INFO = NO;
				MTL_FAST_MATH = YES;
				SDKROOT = iphoneos;
				SWIFT_COMPILATION_MODE = wholemodule;
				SWIFT_OPTIMIZATION_LEVEL = "-O";
				VALIDATE_PRODUCT = YES;
			};
			name = Release;
		};
		1842D9002605F24A00C31F4F /* Debug */ = {
			isa = XCBuildConfiguration;
			buildSettings = {
				ASSETCATALOG_COMPILER_APPICON_NAME = AppIcon;
				ASSETCATALOG_COMPILER_GLOBAL_ACCENT_COLOR_NAME = AccentColor;
				CODE_SIGN_STYLE = Automatic;
				DEVELOPMENT_TEAM = M96L4WMU9C;
				INFOPLIST_FILE = SendBird_Recurite/Info.plist;
				LD_RUNPATH_SEARCH_PATHS = (
					"$(inherited)",
					"@executable_path/Frameworks",
				);
				PRODUCT_BUNDLE_IDENTIFIER = "odyflame.SendBird-Recurite";
				PRODUCT_NAME = "$(TARGET_NAME)";
				SWIFT_VERSION = 5.0;
				TARGETED_DEVICE_FAMILY = "1,2";
			};
			name = Debug;
		};
		1842D9012605F24A00C31F4F /* Release */ = {
			isa = XCBuildConfiguration;
			buildSettings = {
				ASSETCATALOG_COMPILER_APPICON_NAME = AppIcon;
				ASSETCATALOG_COMPILER_GLOBAL_ACCENT_COLOR_NAME = AccentColor;
				CODE_SIGN_STYLE = Automatic;
				DEVELOPMENT_TEAM = M96L4WMU9C;
				INFOPLIST_FILE = SendBird_Recurite/Info.plist;
				LD_RUNPATH_SEARCH_PATHS = (
					"$(inherited)",
					"@executable_path/Frameworks",
				);
				PRODUCT_BUNDLE_IDENTIFIER = "odyflame.SendBird-Recurite";
				PRODUCT_NAME = "$(TARGET_NAME)";
				SWIFT_VERSION = 5.0;
				TARGETED_DEVICE_FAMILY = "1,2";
			};
			name = Release;
		};
		1842D9032605F24A00C31F4F /* Debug */ = {
			isa = XCBuildConfiguration;
			buildSettings = {
				ALWAYS_EMBED_SWIFT_STANDARD_LIBRARIES = YES;
				BUNDLE_LOADER = "$(TEST_HOST)";
				CODE_SIGN_STYLE = Automatic;
				DEVELOPMENT_TEAM = M96L4WMU9C;
				INFOPLIST_FILE = SendBird_RecuriteTests/Info.plist;
				IPHONEOS_DEPLOYMENT_TARGET = 14.4;
				LD_RUNPATH_SEARCH_PATHS = (
					"$(inherited)",
					"@executable_path/Frameworks",
					"@loader_path/Frameworks",
				);
				PRODUCT_BUNDLE_IDENTIFIER = "odyflame.SendBird-RecuriteTests";
				PRODUCT_NAME = "$(TARGET_NAME)";
				SWIFT_VERSION = 5.0;
				TARGETED_DEVICE_FAMILY = "1,2";
				TEST_HOST = "$(BUILT_PRODUCTS_DIR)/SendBird_Recurite.app/SendBird_Recurite";
			};
			name = Debug;
		};
		1842D9042605F24A00C31F4F /* Release */ = {
			isa = XCBuildConfiguration;
			buildSettings = {
				ALWAYS_EMBED_SWIFT_STANDARD_LIBRARIES = YES;
				BUNDLE_LOADER = "$(TEST_HOST)";
				CODE_SIGN_STYLE = Automatic;
				DEVELOPMENT_TEAM = M96L4WMU9C;
				INFOPLIST_FILE = SendBird_RecuriteTests/Info.plist;
				IPHONEOS_DEPLOYMENT_TARGET = 14.4;
				LD_RUNPATH_SEARCH_PATHS = (
					"$(inherited)",
					"@executable_path/Frameworks",
					"@loader_path/Frameworks",
				);
				PRODUCT_BUNDLE_IDENTIFIER = "odyflame.SendBird-RecuriteTests";
				PRODUCT_NAME = "$(TARGET_NAME)";
				SWIFT_VERSION = 5.0;
				TARGETED_DEVICE_FAMILY = "1,2";
				TEST_HOST = "$(BUILT_PRODUCTS_DIR)/SendBird_Recurite.app/SendBird_Recurite";
			};
			name = Release;
		};
		1842D9062605F24A00C31F4F /* Debug */ = {
			isa = XCBuildConfiguration;
			buildSettings = {
				ALWAYS_EMBED_SWIFT_STANDARD_LIBRARIES = YES;
				CODE_SIGN_STYLE = Automatic;
				DEVELOPMENT_TEAM = M96L4WMU9C;
				INFOPLIST_FILE = SendBird_RecuriteUITests/Info.plist;
				LD_RUNPATH_SEARCH_PATHS = (
					"$(inherited)",
					"@executable_path/Frameworks",
					"@loader_path/Frameworks",
				);
				PRODUCT_BUNDLE_IDENTIFIER = "odyflame.SendBird-RecuriteUITests";
				PRODUCT_NAME = "$(TARGET_NAME)";
				SWIFT_VERSION = 5.0;
				TARGETED_DEVICE_FAMILY = "1,2";
				TEST_TARGET_NAME = SendBird_Recurite;
			};
			name = Debug;
		};
		1842D9072605F24A00C31F4F /* Release */ = {
			isa = XCBuildConfiguration;
			buildSettings = {
				ALWAYS_EMBED_SWIFT_STANDARD_LIBRARIES = YES;
				CODE_SIGN_STYLE = Automatic;
				DEVELOPMENT_TEAM = M96L4WMU9C;
				INFOPLIST_FILE = SendBird_RecuriteUITests/Info.plist;
				LD_RUNPATH_SEARCH_PATHS = (
					"$(inherited)",
					"@executable_path/Frameworks",
					"@loader_path/Frameworks",
				);
				PRODUCT_BUNDLE_IDENTIFIER = "odyflame.SendBird-RecuriteUITests";
				PRODUCT_NAME = "$(TARGET_NAME)";
				SWIFT_VERSION = 5.0;
				TARGETED_DEVICE_FAMILY = "1,2";
				TEST_TARGET_NAME = SendBird_Recurite;
			};
			name = Release;
		};
/* End XCBuildConfiguration section */

/* Begin XCConfigurationList section */
		1842D8D02605F24900C31F4F /* Build configuration list for PBXProject "SendBird_Recurite" */ = {
			isa = XCConfigurationList;
			buildConfigurations = (
				1842D8FD2605F24A00C31F4F /* Debug */,
				1842D8FE2605F24A00C31F4F /* Release */,
			);
			defaultConfigurationIsVisible = 0;
			defaultConfigurationName = Release;
		};
		1842D8FF2605F24A00C31F4F /* Build configuration list for PBXNativeTarget "SendBird_Recurite" */ = {
			isa = XCConfigurationList;
			buildConfigurations = (
				1842D9002605F24A00C31F4F /* Debug */,
				1842D9012605F24A00C31F4F /* Release */,
			);
			defaultConfigurationIsVisible = 0;
			defaultConfigurationName = Release;
		};
		1842D9022605F24A00C31F4F /* Build configuration list for PBXNativeTarget "SendBird_RecuriteTests" */ = {
			isa = XCConfigurationList;
			buildConfigurations = (
				1842D9032605F24A00C31F4F /* Debug */,
				1842D9042605F24A00C31F4F /* Release */,
			);
			defaultConfigurationIsVisible = 0;
			defaultConfigurationName = Release;
		};
		1842D9052605F24A00C31F4F /* Build configuration list for PBXNativeTarget "SendBird_RecuriteUITests" */ = {
			isa = XCConfigurationList;
			buildConfigurations = (
				1842D9062605F24A00C31F4F /* Debug */,
				1842D9072605F24A00C31F4F /* Release */,
			);
			defaultConfigurationIsVisible = 0;
			defaultConfigurationName = Release;
		};
/* End XCConfigurationList section */
	};
	rootObject = 1842D8CD2605F24900C31F4F /* Project object */;
}
